// !$*UTF8*$!
{
	archiveVersion = 1;
	classes = {
	};
	objectVersion = 46;
	objects = {

/* Begin PBXBuildFile section */
		6A6E50461EF0987100ED1A1C /* Home.storyboard in Resources */ = {isa = PBXBuildFile; fileRef = 6A6E503B1EF0987100ED1A1C /* Home.storyboard */; };
		6A6E50471EF0987100ED1A1C /* HomeViewController.swift in Sources */ = {isa = PBXBuildFile; fileRef = 6A6E503C1EF0987100ED1A1C /* HomeViewController.swift */; };
		6A6E50481EF0987100ED1A1C /* Assets.xcassets in Resources */ = {isa = PBXBuildFile; fileRef = 6A6E50401EF0987100ED1A1C /* Assets.xcassets */; };
		6A6E50491EF0987100ED1A1C /* AppDelegate.swift in Sources */ = {isa = PBXBuildFile; fileRef = 6A6E50421EF0987100ED1A1C /* AppDelegate.swift */; };
		6A6E504B1EF0987100ED1A1C /* LaunchScreen.storyboard in Resources */ = {isa = PBXBuildFile; fileRef = 6A6E50451EF0987100ED1A1C /* LaunchScreen.storyboard */; };
		6AB5023E1EF5EDBB0045C674 /* HomeTableViewCell.swift in Sources */ = {isa = PBXBuildFile; fileRef = 6AB5023D1EF5EDBB0045C674 /* HomeTableViewCell.swift */; };
		6AB502401EF664550045C674 /* App.swift in Sources */ = {isa = PBXBuildFile; fileRef = 6AB5023F1EF664550045C674 /* App.swift */; };
		6AB502421EF6682F0045C674 /* HomeDataSource.swift in Sources */ = {isa = PBXBuildFile; fileRef = 6AB502411EF6682F0045C674 /* HomeDataSource.swift */; };
		6AC3F1AB1F19CB9900E29BE9 /* ReviewsFetcherTests.swift in Sources */ = {isa = PBXBuildFile; fileRef = 6AC3F1AA1F19CB9900E29BE9 /* ReviewsFetcherTests.swift */; };
		6AC3F1B91F19CBBA00E29BE9 /* ReviewsFetcherUITests.swift in Sources */ = {isa = PBXBuildFile; fileRef = 6AC3F1B81F19CBBA00E29BE9 /* ReviewsFetcherUITests.swift */; };
/* End PBXBuildFile section */

/* Begin PBXContainerItemProxy section */
		6AC3F1AD1F19CB9900E29BE9 /* PBXContainerItemProxy */ = {
			isa = PBXContainerItemProxy;
			containerPortal = 6A6E501C1EEFDDCD00ED1A1C /* Project object */;
			proxyType = 1;
			remoteGlobalIDString = 6A6E50231EEFDDCD00ED1A1C;
			remoteInfo = ReviewsFetcher;
		};
		6AC3F1BB1F19CBBA00E29BE9 /* PBXContainerItemProxy */ = {
			isa = PBXContainerItemProxy;
			containerPortal = 6A6E501C1EEFDDCD00ED1A1C /* Project object */;
			proxyType = 1;
			remoteGlobalIDString = 6A6E50231EEFDDCD00ED1A1C;
			remoteInfo = ReviewsFetcher;
		};
/* End PBXContainerItemProxy section */

/* Begin PBXFileReference section */
		6A6E50241EEFDDCD00ED1A1C /* ReviewsFetcher.app */ = {isa = PBXFileReference; explicitFileType = wrapper.application; includeInIndex = 0; path = ReviewsFetcher.app; sourceTree = BUILT_PRODUCTS_DIR; };
		6A6E503B1EF0987100ED1A1C /* Home.storyboard */ = {isa = PBXFileReference; fileEncoding = 4; lastKnownFileType = file.storyboard; path = Home.storyboard; sourceTree = "<group>"; };
		6A6E503C1EF0987100ED1A1C /* HomeViewController.swift */ = {isa = PBXFileReference; fileEncoding = 4; lastKnownFileType = sourcecode.swift; path = HomeViewController.swift; sourceTree = "<group>"; };
		6A6E50401EF0987100ED1A1C /* Assets.xcassets */ = {isa = PBXFileReference; lastKnownFileType = folder.assetcatalog; path = Assets.xcassets; sourceTree = "<group>"; };
		6A6E50421EF0987100ED1A1C /* AppDelegate.swift */ = {isa = PBXFileReference; fileEncoding = 4; lastKnownFileType = sourcecode.swift; path = AppDelegate.swift; sourceTree = "<group>"; };
		6A6E50441EF0987100ED1A1C /* Info.plist */ = {isa = PBXFileReference; fileEncoding = 4; lastKnownFileType = text.plist.xml; path = Info.plist; sourceTree = "<group>"; };
		6A6E50451EF0987100ED1A1C /* LaunchScreen.storyboard */ = {isa = PBXFileReference; fileEncoding = 4; lastKnownFileType = file.storyboard; path = LaunchScreen.storyboard; sourceTree = "<group>"; };
		6AB5023D1EF5EDBB0045C674 /* HomeTableViewCell.swift */ = {isa = PBXFileReference; fileEncoding = 4; lastKnownFileType = sourcecode.swift; path = HomeTableViewCell.swift; sourceTree = "<group>"; };
		6AB5023F1EF664550045C674 /* App.swift */ = {isa = PBXFileReference; fileEncoding = 4; lastKnownFileType = sourcecode.swift; path = App.swift; sourceTree = "<group>"; };
		6AB502411EF6682F0045C674 /* HomeDataSource.swift */ = {isa = PBXFileReference; fileEncoding = 4; lastKnownFileType = sourcecode.swift; path = HomeDataSource.swift; sourceTree = "<group>"; };
		6AC3F1A81F19CB9900E29BE9 /* ReviewsFetcherTests.xctest */ = {isa = PBXFileReference; explicitFileType = wrapper.cfbundle; includeInIndex = 0; path = ReviewsFetcherTests.xctest; sourceTree = BUILT_PRODUCTS_DIR; };
		6AC3F1AA1F19CB9900E29BE9 /* ReviewsFetcherTests.swift */ = {isa = PBXFileReference; lastKnownFileType = sourcecode.swift; path = ReviewsFetcherTests.swift; sourceTree = "<group>"; };
		6AC3F1AC1F19CB9900E29BE9 /* Info.plist */ = {isa = PBXFileReference; lastKnownFileType = text.plist.xml; path = Info.plist; sourceTree = "<group>"; };
		6AC3F1B61F19CBBA00E29BE9 /* ReviewsFetcherUITests.xctest */ = {isa = PBXFileReference; explicitFileType = wrapper.cfbundle; includeInIndex = 0; path = ReviewsFetcherUITests.xctest; sourceTree = BUILT_PRODUCTS_DIR; };
		6AC3F1B81F19CBBA00E29BE9 /* ReviewsFetcherUITests.swift */ = {isa = PBXFileReference; lastKnownFileType = sourcecode.swift; path = ReviewsFetcherUITests.swift; sourceTree = "<group>"; };
		6AC3F1BA1F19CBBA00E29BE9 /* Info.plist */ = {isa = PBXFileReference; lastKnownFileType = text.plist.xml; path = Info.plist; sourceTree = "<group>"; };
/* End PBXFileReference section */

/* Begin PBXFrameworksBuildPhase section */
		6A6E50211EEFDDCD00ED1A1C /* Frameworks */ = {
			isa = PBXFrameworksBuildPhase;
			buildActionMask = 2147483647;
			files = (
			);
			runOnlyForDeploymentPostprocessing = 0;
		};
		6AC3F1A51F19CB9900E29BE9 /* Frameworks */ = {
			isa = PBXFrameworksBuildPhase;
			buildActionMask = 2147483647;
			files = (
			);
			runOnlyForDeploymentPostprocessing = 0;
		};
		6AC3F1B31F19CBBA00E29BE9 /* Frameworks */ = {
			isa = PBXFrameworksBuildPhase;
			buildActionMask = 2147483647;
			files = (
			);
			runOnlyForDeploymentPostprocessing = 0;
		};
/* End PBXFrameworksBuildPhase section */

/* Begin PBXGroup section */
		6A6E501B1EEFDDCD00ED1A1C = {
			isa = PBXGroup;
			children = (
				6A6E50391EF0987100ED1A1C /* Source */,
				6AC3F1A91F19CB9900E29BE9 /* ReviewsFetcherTests */,
				6AC3F1B71F19CBBA00E29BE9 /* ReviewsFetcherUITests */,
				6A6E50251EEFDDCD00ED1A1C /* Products */,
			);
			sourceTree = "<group>";
		};
		6A6E50251EEFDDCD00ED1A1C /* Products */ = {
			isa = PBXGroup;
			children = (
				6A6E50241EEFDDCD00ED1A1C /* ReviewsFetcher.app */,
				6AC3F1A81F19CB9900E29BE9 /* ReviewsFetcherTests.xctest */,
				6AC3F1B61F19CBBA00E29BE9 /* ReviewsFetcherUITests.xctest */,
			);
			name = Products;
			sourceTree = "<group>";
		};
		6A6E50391EF0987100ED1A1C /* Source */ = {
			isa = PBXGroup;
			children = (
				6A6E503A1EF0987100ED1A1C /* Home */,
				6A6E503D1EF0987100ED1A1C /* Models */,
				6A6E503E1EF0987100ED1A1C /* Network Manager */,
				6A6E503F1EF0987100ED1A1C /* Resources */,
				6A6E50411EF0987100ED1A1C /* Startup */,
				6A6E50431EF0987100ED1A1C /* Supporting Files */,
			);
			path = Source;
			sourceTree = "<group>";
		};
		6A6E503A1EF0987100ED1A1C /* Home */ = {
			isa = PBXGroup;
			children = (
				6A6E503B1EF0987100ED1A1C /* Home.storyboard */,
				6A6E503C1EF0987100ED1A1C /* HomeViewController.swift */,
				6AB5023D1EF5EDBB0045C674 /* HomeTableViewCell.swift */,
				6AB502411EF6682F0045C674 /* HomeDataSource.swift */,
			);
			path = Home;
			sourceTree = "<group>";
		};
		6A6E503D1EF0987100ED1A1C /* Models */ = {
			isa = PBXGroup;
			children = (
				6AB5023F1EF664550045C674 /* App.swift */,
			);
			path = Models;
			sourceTree = "<group>";
		};
		6A6E503E1EF0987100ED1A1C /* Network Manager */ = {
			isa = PBXGroup;
			children = (
			);
			path = "Network Manager";
			sourceTree = "<group>";
		};
		6A6E503F1EF0987100ED1A1C /* Resources */ = {
			isa = PBXGroup;
			children = (
				6A6E50401EF0987100ED1A1C /* Assets.xcassets */,
			);
			path = Resources;
			sourceTree = "<group>";
		};
		6A6E50411EF0987100ED1A1C /* Startup */ = {
			isa = PBXGroup;
			children = (
				6A6E50421EF0987100ED1A1C /* AppDelegate.swift */,
			);
			path = Startup;
			sourceTree = "<group>";
		};
		6A6E50431EF0987100ED1A1C /* Supporting Files */ = {
			isa = PBXGroup;
			children = (
				6A6E50441EF0987100ED1A1C /* Info.plist */,
				6A6E50451EF0987100ED1A1C /* LaunchScreen.storyboard */,
			);
			path = "Supporting Files";
			sourceTree = "<group>";
		};
		6AC3F1A91F19CB9900E29BE9 /* ReviewsFetcherTests */ = {
			isa = PBXGroup;
			children = (
				6AC3F1AA1F19CB9900E29BE9 /* ReviewsFetcherTests.swift */,
				6AC3F1AC1F19CB9900E29BE9 /* Info.plist */,
			);
			path = ReviewsFetcherTests;
			sourceTree = "<group>";
		};
		6AC3F1B71F19CBBA00E29BE9 /* ReviewsFetcherUITests */ = {
			isa = PBXGroup;
			children = (
				6AC3F1B81F19CBBA00E29BE9 /* ReviewsFetcherUITests.swift */,
				6AC3F1BA1F19CBBA00E29BE9 /* Info.plist */,
			);
			path = ReviewsFetcherUITests;
			sourceTree = "<group>";
		};
/* End PBXGroup section */

/* Begin PBXNativeTarget section */
		6A6E50231EEFDDCD00ED1A1C /* ReviewsFetcher */ = {
			isa = PBXNativeTarget;
			buildConfigurationList = 6A6E50361EEFDDCE00ED1A1C /* Build configuration list for PBXNativeTarget "ReviewsFetcher" */;
			buildPhases = (
				6A6E50201EEFDDCD00ED1A1C /* Sources */,
				6A6E50211EEFDDCD00ED1A1C /* Frameworks */,
				6A6E50221EEFDDCD00ED1A1C /* Resources */,
			);
			buildRules = (
			);
			dependencies = (
			);
			name = ReviewsFetcher;
			productName = ReviewsFetcher;
			productReference = 6A6E50241EEFDDCD00ED1A1C /* ReviewsFetcher.app */;
			productType = "com.apple.product-type.application";
		};
		6AC3F1A71F19CB9900E29BE9 /* ReviewsFetcherTests */ = {
			isa = PBXNativeTarget;
			buildConfigurationList = 6AC3F1B11F19CB9900E29BE9 /* Build configuration list for PBXNativeTarget "ReviewsFetcherTests" */;
			buildPhases = (
				6AC3F1A41F19CB9900E29BE9 /* Sources */,
				6AC3F1A51F19CB9900E29BE9 /* Frameworks */,
				6AC3F1A61F19CB9900E29BE9 /* Resources */,
			);
			buildRules = (
			);
			dependencies = (
				6AC3F1AE1F19CB9900E29BE9 /* PBXTargetDependency */,
			);
			name = ReviewsFetcherTests;
			productName = ReviewsFetcherTests;
			productReference = 6AC3F1A81F19CB9900E29BE9 /* ReviewsFetcherTests.xctest */;
			productType = "com.apple.product-type.bundle.unit-test";
		};
		6AC3F1B51F19CBBA00E29BE9 /* ReviewsFetcherUITests */ = {
			isa = PBXNativeTarget;
			buildConfigurationList = 6AC3F1BD1F19CBBA00E29BE9 /* Build configuration list for PBXNativeTarget "ReviewsFetcherUITests" */;
			buildPhases = (
				6AC3F1B21F19CBBA00E29BE9 /* Sources */,
				6AC3F1B31F19CBBA00E29BE9 /* Frameworks */,
				6AC3F1B41F19CBBA00E29BE9 /* Resources */,
			);
			buildRules = (
			);
			dependencies = (
				6AC3F1BC1F19CBBA00E29BE9 /* PBXTargetDependency */,
			);
			name = ReviewsFetcherUITests;
			productName = ReviewsFetcherUITests;
			productReference = 6AC3F1B61F19CBBA00E29BE9 /* ReviewsFetcherUITests.xctest */;
			productType = "com.apple.product-type.bundle.ui-testing";
		};
/* End PBXNativeTarget section */

/* Begin PBXProject section */
		6A6E501C1EEFDDCD00ED1A1C /* Project object */ = {
			isa = PBXProject;
			attributes = {
				LastSwiftUpdateCheck = 0830;
				LastUpgradeCheck = 0830;
				ORGANIZATIONNAME = "Ai-Lyn Tang";
				TargetAttributes = {
					6A6E50231EEFDDCD00ED1A1C = {
						CreatedOnToolsVersion = 8.3.1;
						ProvisioningStyle = Automatic;
					};
					6AC3F1A71F19CB9900E29BE9 = {
						CreatedOnToolsVersion = 8.3.1;
						ProvisioningStyle = Automatic;
						TestTargetID = 6A6E50231EEFDDCD00ED1A1C;
					};
					6AC3F1B51F19CBBA00E29BE9 = {
						CreatedOnToolsVersion = 8.3.1;
						ProvisioningStyle = Automatic;
						TestTargetID = 6A6E50231EEFDDCD00ED1A1C;
					};
				};
			};
			buildConfigurationList = 6A6E501F1EEFDDCD00ED1A1C /* Build configuration list for PBXProject "ReviewsFetcher" */;
			compatibilityVersion = "Xcode 3.2";
			developmentRegion = English;
			hasScannedForEncodings = 0;
			knownRegions = (
				en,
				Base,
			);
			mainGroup = 6A6E501B1EEFDDCD00ED1A1C;
			productRefGroup = 6A6E50251EEFDDCD00ED1A1C /* Products */;
			projectDirPath = "";
			projectRoot = "";
			targets = (
				6A6E50231EEFDDCD00ED1A1C /* ReviewsFetcher */,
				6AC3F1A71F19CB9900E29BE9 /* ReviewsFetcherTests */,
				6AC3F1B51F19CBBA00E29BE9 /* ReviewsFetcherUITests */,
			);
		};
/* End PBXProject section */

/* Begin PBXResourcesBuildPhase section */
		6A6E50221EEFDDCD00ED1A1C /* Resources */ = {
			isa = PBXResourcesBuildPhase;
			buildActionMask = 2147483647;
			files = (
				6A6E504B1EF0987100ED1A1C /* LaunchScreen.storyboard in Resources */,
				6A6E50461EF0987100ED1A1C /* Home.storyboard in Resources */,
				6A6E50481EF0987100ED1A1C /* Assets.xcassets in Resources */,
			);
			runOnlyForDeploymentPostprocessing = 0;
		};
		6AC3F1A61F19CB9900E29BE9 /* Resources */ = {
			isa = PBXResourcesBuildPhase;
			buildActionMask = 2147483647;
			files = (
			);
			runOnlyForDeploymentPostprocessing = 0;
		};
		6AC3F1B41F19CBBA00E29BE9 /* Resources */ = {
			isa = PBXResourcesBuildPhase;
			buildActionMask = 2147483647;
			files = (
			);
			runOnlyForDeploymentPostprocessing = 0;
		};
/* End PBXResourcesBuildPhase section */

/* Begin PBXSourcesBuildPhase section */
		6A6E50201EEFDDCD00ED1A1C /* Sources */ = {
			isa = PBXSourcesBuildPhase;
			buildActionMask = 2147483647;
			files = (
				6AB502421EF6682F0045C674 /* HomeDataSource.swift in Sources */,
				6AB5023E1EF5EDBB0045C674 /* HomeTableViewCell.swift in Sources */,
				6AB502401EF664550045C674 /* App.swift in Sources */,
				6A6E50491EF0987100ED1A1C /* AppDelegate.swift in Sources */,
				6A6E50471EF0987100ED1A1C /* HomeViewController.swift in Sources */,
			);
			runOnlyForDeploymentPostprocessing = 0;
		};
		6AC3F1A41F19CB9900E29BE9 /* Sources */ = {
			isa = PBXSourcesBuildPhase;
			buildActionMask = 2147483647;
			files = (
				6AC3F1AB1F19CB9900E29BE9 /* ReviewsFetcherTests.swift in Sources */,
			);
			runOnlyForDeploymentPostprocessing = 0;
		};
		6AC3F1B21F19CBBA00E29BE9 /* Sources */ = {
			isa = PBXSourcesBuildPhase;
			buildActionMask = 2147483647;
			files = (
				6AC3F1B91F19CBBA00E29BE9 /* ReviewsFetcherUITests.swift in Sources */,
			);
			runOnlyForDeploymentPostprocessing = 0;
		};
/* End PBXSourcesBuildPhase section */

/* Begin PBXTargetDependency section */
		6AC3F1AE1F19CB9900E29BE9 /* PBXTargetDependency */ = {
			isa = PBXTargetDependency;
			target = 6A6E50231EEFDDCD00ED1A1C /* ReviewsFetcher */;
			targetProxy = 6AC3F1AD1F19CB9900E29BE9 /* PBXContainerItemProxy */;
		};
		6AC3F1BC1F19CBBA00E29BE9 /* PBXTargetDependency */ = {
			isa = PBXTargetDependency;
			target = 6A6E50231EEFDDCD00ED1A1C /* ReviewsFetcher */;
			targetProxy = 6AC3F1BB1F19CBBA00E29BE9 /* PBXContainerItemProxy */;
		};
/* End PBXTargetDependency section */

/* Begin XCBuildConfiguration section */
		6A6E50341EEFDDCE00ED1A1C /* Debug */ = {
			isa = XCBuildConfiguration;
			buildSettings = {
				ALWAYS_SEARCH_USER_PATHS = NO;
				CLANG_ANALYZER_NONNULL = YES;
				CLANG_ANALYZER_NUMBER_OBJECT_CONVERSION = YES_AGGRESSIVE;
				CLANG_CXX_LANGUAGE_STANDARD = "gnu++0x";
				CLANG_CXX_LIBRARY = "libc++";
				CLANG_ENABLE_MODULES = YES;
				CLANG_ENABLE_OBJC_ARC = YES;
				CLANG_WARN_BOOL_CONVERSION = YES;
				CLANG_WARN_CONSTANT_CONVERSION = YES;
				CLANG_WARN_DIRECT_OBJC_ISA_USAGE = YES_ERROR;
				CLANG_WARN_DOCUMENTATION_COMMENTS = YES;
				CLANG_WARN_EMPTY_BODY = YES;
				CLANG_WARN_ENUM_CONVERSION = YES;
				CLANG_WARN_INFINITE_RECURSION = YES;
				CLANG_WARN_INT_CONVERSION = YES;
				CLANG_WARN_OBJC_ROOT_CLASS = YES_ERROR;
				CLANG_WARN_SUSPICIOUS_MOVE = YES;
				CLANG_WARN_UNREACHABLE_CODE = YES;
				CLANG_WARN__DUPLICATE_METHOD_MATCH = YES;
				"CODE_SIGN_IDENTITY[sdk=iphoneos*]" = "iPhone Developer";
				COPY_PHASE_STRIP = NO;
				DEBUG_INFORMATION_FORMAT = dwarf;
				ENABLE_STRICT_OBJC_MSGSEND = YES;
				ENABLE_TESTABILITY = YES;
				GCC_C_LANGUAGE_STANDARD = gnu99;
				GCC_DYNAMIC_NO_PIC = NO;
				GCC_NO_COMMON_BLOCKS = YES;
				GCC_OPTIMIZATION_LEVEL = 0;
				GCC_PREPROCESSOR_DEFINITIONS = (
					"DEBUG=1",
					"$(inherited)",
				);
				GCC_WARN_64_TO_32_BIT_CONVERSION = YES;
				GCC_WARN_ABOUT_RETURN_TYPE = YES_ERROR;
				GCC_WARN_UNDECLARED_SELECTOR = YES;
				GCC_WARN_UNINITIALIZED_AUTOS = YES_AGGRESSIVE;
				GCC_WARN_UNUSED_FUNCTION = YES;
				GCC_WARN_UNUSED_VARIABLE = YES;
				IPHONEOS_DEPLOYMENT_TARGET = 10.3;
				MTL_ENABLE_DEBUG_INFO = YES;
				ONLY_ACTIVE_ARCH = YES;
				SDKROOT = iphoneos;
				SWIFT_ACTIVE_COMPILATION_CONDITIONS = DEBUG;
				SWIFT_OPTIMIZATION_LEVEL = "-Onone";
				TARGETED_DEVICE_FAMILY = "1,2";
			};
			name = Debug;
		};
		6A6E50351EEFDDCE00ED1A1C /* Release */ = {
			isa = XCBuildConfiguration;
			buildSettings = {
				ALWAYS_SEARCH_USER_PATHS = NO;
				CLANG_ANALYZER_NONNULL = YES;
				CLANG_ANALYZER_NUMBER_OBJECT_CONVERSION = YES_AGGRESSIVE;
				CLANG_CXX_LANGUAGE_STANDARD = "gnu++0x";
				CLANG_CXX_LIBRARY = "libc++";
				CLANG_ENABLE_MODULES = YES;
				CLANG_ENABLE_OBJC_ARC = YES;
				CLANG_WARN_BOOL_CONVERSION = YES;
				CLANG_WARN_CONSTANT_CONVERSION = YES;
				CLANG_WARN_DIRECT_OBJC_ISA_USAGE = YES_ERROR;
				CLANG_WARN_DOCUMENTATION_COMMENTS = YES;
				CLANG_WARN_EMPTY_BODY = YES;
				CLANG_WARN_ENUM_CONVERSION = YES;
				CLANG_WARN_INFINITE_RECURSION = YES;
				CLANG_WARN_INT_CONVERSION = YES;
				CLANG_WARN_OBJC_ROOT_CLASS = YES_ERROR;
				CLANG_WARN_SUSPICIOUS_MOVE = YES;
				CLANG_WARN_UNREACHABLE_CODE = YES;
				CLANG_WARN__DUPLICATE_METHOD_MATCH = YES;
				"CODE_SIGN_IDENTITY[sdk=iphoneos*]" = "iPhone Developer";
				COPY_PHASE_STRIP = NO;
				DEBUG_INFORMATION_FORMAT = "dwarf-with-dsym";
				ENABLE_NS_ASSERTIONS = NO;
				ENABLE_STRICT_OBJC_MSGSEND = YES;
				GCC_C_LANGUAGE_STANDARD = gnu99;
				GCC_NO_COMMON_BLOCKS = YES;
				GCC_WARN_64_TO_32_BIT_CONVERSION = YES;
				GCC_WARN_ABOUT_RETURN_TYPE = YES_ERROR;
				GCC_WARN_UNDECLARED_SELECTOR = YES;
				GCC_WARN_UNINITIALIZED_AUTOS = YES_AGGRESSIVE;
				GCC_WARN_UNUSED_FUNCTION = YES;
				GCC_WARN_UNUSED_VARIABLE = YES;
				IPHONEOS_DEPLOYMENT_TARGET = 10.3;
				MTL_ENABLE_DEBUG_INFO = NO;
				SDKROOT = iphoneos;
				SWIFT_OPTIMIZATION_LEVEL = "-Owholemodule";
				TARGETED_DEVICE_FAMILY = "1,2";
				VALIDATE_PRODUCT = YES;
			};
			name = Release;
		};
		6A6E50371EEFDDCE00ED1A1C /* Debug */ = {
			isa = XCBuildConfiguration;
			buildSettings = {
				ASSETCATALOG_COMPILER_APPICON_NAME = AppIcon;
				INFOPLIST_FILE = "$(SRCROOT)/Source/Supporting Files/Info.plist";
				LD_RUNPATH_SEARCH_PATHS = "$(inherited) @executable_path/Frameworks";
				PRODUCT_BUNDLE_IDENTIFIER = com.example.ReviewsFetcher;
				PRODUCT_NAME = "$(TARGET_NAME)";
				SWIFT_VERSION = 3.0;
			};
			name = Debug;
		};
		6A6E50381EEFDDCE00ED1A1C /* Release */ = {
			isa = XCBuildConfiguration;
			buildSettings = {
				ASSETCATALOG_COMPILER_APPICON_NAME = AppIcon;
				INFOPLIST_FILE = "$(SRCROOT)/Source/Supporting Files/Info.plist";
				LD_RUNPATH_SEARCH_PATHS = "$(inherited) @executable_path/Frameworks";
				PRODUCT_BUNDLE_IDENTIFIER = com.example.ReviewsFetcher;
				PRODUCT_NAME = "$(TARGET_NAME)";
				SWIFT_VERSION = 3.0;
			};
			name = Release;
		};
		6AC3F1AF1F19CB9900E29BE9 /* Debug */ = {
			isa = XCBuildConfiguration;
			buildSettings = {
				BUNDLE_LOADER = "$(TEST_HOST)";
				INFOPLIST_FILE = ReviewsFetcherTests/Info.plist;
				LD_RUNPATH_SEARCH_PATHS = "$(inherited) @executable_path/Frameworks @loader_path/Frameworks";
				PRODUCT_BUNDLE_IDENTIFIER = com.example.ReviewsFetcherTests;
				PRODUCT_NAME = "$(TARGET_NAME)";
				SWIFT_VERSION = 3.0;
				TEST_HOST = "$(BUILT_PRODUCTS_DIR)/ReviewsFetcher.app/ReviewsFetcher";
			};
			name = Debug;
		};
		6AC3F1B01F19CB9900E29BE9 /* Release */ = {
			isa = XCBuildConfiguration;
			buildSettings = {
				BUNDLE_LOADER = "$(TEST_HOST)";
				INFOPLIST_FILE = ReviewsFetcherTests/Info.plist;
				LD_RUNPATH_SEARCH_PATHS = "$(inherited) @executable_path/Frameworks @loader_path/Frameworks";
				PRODUCT_BUNDLE_IDENTIFIER = com.example.ReviewsFetcherTests;
				PRODUCT_NAME = "$(TARGET_NAME)";
				SWIFT_VERSION = 3.0;
				TEST_HOST = "$(BUILT_PRODUCTS_DIR)/ReviewsFetcher.app/ReviewsFetcher";
			};
			name = Release;
		};
		6AC3F1BE1F19CBBA00E29BE9 /* Debug */ = {
			isa = XCBuildConfiguration;
			buildSettings = {
				INFOPLIST_FILE = ReviewsFetcherUITests/Info.plist;
				LD_RUNPATH_SEARCH_PATHS = "$(inherited) @executable_path/Frameworks @loader_path/Frameworks";
				PRODUCT_BUNDLE_IDENTIFIER = com.example.ReviewsFetcherUITests;
				PRODUCT_NAME = "$(TARGET_NAME)";
				SWIFT_VERSION = 3.0;
				TEST_TARGET_NAME = ReviewsFetcher;
			};
			name = Debug;
		};
		6AC3F1BF1F19CBBA00E29BE9 /* Release */ = {
			isa = XCBuildConfiguration;
			buildSettings = {
				INFOPLIST_FILE = ReviewsFetcherUITests/Info.plist;
				LD_RUNPATH_SEARCH_PATHS = "$(inherited) @executable_path/Frameworks @loader_path/Frameworks";
				PRODUCT_BUNDLE_IDENTIFIER = com.example.ReviewsFetcherUITests;
				PRODUCT_NAME = "$(TARGET_NAME)";
				SWIFT_VERSION = 3.0;
				TEST_TARGET_NAME = ReviewsFetcher;
			};
			name = Release;
		};
/* End XCBuildConfiguration section */

/* Begin XCConfigurationList section */
		6A6E501F1EEFDDCD00ED1A1C /* Build configuration list for PBXProject "ReviewsFetcher" */ = {
			isa = XCConfigurationList;
			buildConfigurations = (
				6A6E50341EEFDDCE00ED1A1C /* Debug */,
				6A6E50351EEFDDCE00ED1A1C /* Release */,
			);
			defaultConfigurationIsVisible = 0;
			defaultConfigurationName = Release;
		};
		6A6E50361EEFDDCE00ED1A1C /* Build configuration list for PBXNativeTarget "ReviewsFetcher" */ = {
			isa = XCConfigurationList;
			buildConfigurations = (
				6A6E50371EEFDDCE00ED1A1C /* Debug */,
				6A6E50381EEFDDCE00ED1A1C /* Release */,
			);
			defaultConfigurationIsVisible = 0;
			defaultConfigurationName = Release;
		};
		6AC3F1B11F19CB9900E29BE9 /* Build configuration list for PBXNativeTarget "ReviewsFetcherTests" */ = {
			isa = XCConfigurationList;
			buildConfigurations = (
				6AC3F1AF1F19CB9900E29BE9 /* Debug */,
				6AC3F1B01F19CB9900E29BE9 /* Release */,
			);
			defaultConfigurationIsVisible = 0;
		};
		6AC3F1BD1F19CBBA00E29BE9 /* Build configuration list for PBXNativeTarget "ReviewsFetcherUITests" */ = {
			isa = XCConfigurationList;
			buildConfigurations = (
				6AC3F1BE1F19CBBA00E29BE9 /* Debug */,
				6AC3F1BF1F19CBBA00E29BE9 /* Release */,
			);
			defaultConfigurationIsVisible = 0;
		};
/* End XCConfigurationList section */
	};
	rootObject = 6A6E501C1EEFDDCD00ED1A1C /* Project object */;
}
