// !$*UTF8*$!
{
	archiveVersion = 1;
	classes = {
	};
	objectVersion = 46;
	objects = {

/* Begin PBXBuildFile section */
		303F359338CC078C9E1D4AC3 /* Pods_ReviewsFetcherUITests.framework in Frameworks */ = {isa = PBXBuildFile; fileRef = 1041B587C9235DBD9B85E2B8 /* Pods_ReviewsFetcherUITests.framework */; };
		6A1994541F4CCE5400634C64 /* StubAppDetails.json in Resources */ = {isa = PBXBuildFile; fileRef = 6A1994531F4CCE5400634C64 /* StubAppDetails.json */; };
		6A19945A1F4CD40000634C64 /* AppDetailsViewModel.swift in Sources */ = {isa = PBXBuildFile; fileRef = 6A1994591F4CD40000634C64 /* AppDetailsViewModel.swift */; };
		6A1B07F81F1A292400CFEE89 /* HomeViewModel.swift in Sources */ = {isa = PBXBuildFile; fileRef = 6A1B07F71F1A292400CFEE89 /* HomeViewModel.swift */; };
		6A1B07FC1F1B1D6E00CFEE89 /* HomeViewModelTests.swift in Sources */ = {isa = PBXBuildFile; fileRef = 6A1B07F91F1A293900CFEE89 /* HomeViewModelTests.swift */; };
		6A1B08061F1C673700CFEE89 /* AppTests.swift in Sources */ = {isa = PBXBuildFile; fileRef = 6A1B08051F1C673700CFEE89 /* AppTests.swift */; };
		6A2AC1421F2A8E0300FE0C71 /* NetworkManager.swift in Sources */ = {isa = PBXBuildFile; fileRef = 6A2AC1411F2A8E0300FE0C71 /* NetworkManager.swift */; };
		6A2AC1441F2A907000FE0C71 /* ParseManager.swift in Sources */ = {isa = PBXBuildFile; fileRef = 6A2AC1431F2A907000FE0C71 /* ParseManager.swift */; };
		6A3DDF871F3598C8002EA965 /* String+Extensions.swift in Sources */ = {isa = PBXBuildFile; fileRef = 6A3DDF861F3598C8002EA965 /* String+Extensions.swift */; };
		6A6E50461EF0987100ED1A1C /* Home.storyboard in Resources */ = {isa = PBXBuildFile; fileRef = 6A6E503B1EF0987100ED1A1C /* Home.storyboard */; };
		6A6E50471EF0987100ED1A1C /* HomeViewController.swift in Sources */ = {isa = PBXBuildFile; fileRef = 6A6E503C1EF0987100ED1A1C /* HomeViewController.swift */; };
		6A6E50481EF0987100ED1A1C /* Assets.xcassets in Resources */ = {isa = PBXBuildFile; fileRef = 6A6E50401EF0987100ED1A1C /* Assets.xcassets */; };
		6A6E50491EF0987100ED1A1C /* AppDelegate.swift in Sources */ = {isa = PBXBuildFile; fileRef = 6A6E50421EF0987100ED1A1C /* AppDelegate.swift */; };
		6A6E504B1EF0987100ED1A1C /* LaunchScreen.storyboard in Resources */ = {isa = PBXBuildFile; fileRef = 6A6E50451EF0987100ED1A1C /* LaunchScreen.storyboard */; };
		6A7A061E1F3D00DC006ED051 /* AuthenticationSecrets.swift in Sources */ = {isa = PBXBuildFile; fileRef = 6A7A061D1F3D00DC006ED051 /* AuthenticationSecrets.swift */; };
		6AA6E33E1F4B7B9D00F60B40 /* AppDetails.storyboard in Resources */ = {isa = PBXBuildFile; fileRef = 6AA6E33D1F4B7B9D00F60B40 /* AppDetails.storyboard */; };
		6AA6E3401F4B7D3F00F60B40 /* AppDetailsViewController.swift in Sources */ = {isa = PBXBuildFile; fileRef = 6AA6E33F1F4B7D3F00F60B40 /* AppDetailsViewController.swift */; };
		6AB196621F4E1A5F009CA615 /* BaseViewModelDelegate.swift in Sources */ = {isa = PBXBuildFile; fileRef = 6AB196601F4E1A5F009CA615 /* BaseViewModelDelegate.swift */; };
		6AB196631F4E1A5F009CA615 /* BaseViewModelType.swift in Sources */ = {isa = PBXBuildFile; fileRef = 6AB196611F4E1A5F009CA615 /* BaseViewModelType.swift */; };
		6AB196651F4E1E19009CA615 /* AppDetailsViewModelTests.swift in Sources */ = {isa = PBXBuildFile; fileRef = 6AB196641F4E1E19009CA615 /* AppDetailsViewModelTests.swift */; };
		6AB5023E1EF5EDBB0045C674 /* HomeTableViewCell.swift in Sources */ = {isa = PBXBuildFile; fileRef = 6AB5023D1EF5EDBB0045C674 /* HomeTableViewCell.swift */; };
		6AB502401EF664550045C674 /* App.swift in Sources */ = {isa = PBXBuildFile; fileRef = 6AB5023F1EF664550045C674 /* App.swift */; };
		6AC3F1B91F19CBBA00E29BE9 /* ReviewsFetcherUITests.swift in Sources */ = {isa = PBXBuildFile; fileRef = 6AC3F1B81F19CBBA00E29BE9 /* ReviewsFetcherUITests.swift */; };
		6AD8CBFF1F424B2800658A90 /* ParseManagerTests.swift in Sources */ = {isa = PBXBuildFile; fileRef = 6AD8CBFE1F424B2800658A90 /* ParseManagerTests.swift */; };
		6AD8CC051F4255CC00658A90 /* StubAppOverview.json in Resources */ = {isa = PBXBuildFile; fileRef = 6AD8CC041F4255CC00658A90 /* StubAppOverview.json */; };
		6AD8CC071F4391AF00658A90 /* StubAppFiguresMessage.json in Resources */ = {isa = PBXBuildFile; fileRef = 6AD8CC061F4391AF00658A90 /* StubAppFiguresMessage.json */; };
		6AD8CC091F439B4900658A90 /* StubNoMessageNoAppId.json in Resources */ = {isa = PBXBuildFile; fileRef = 6AD8CC081F439B4900658A90 /* StubNoMessageNoAppId.json */; };
		6AD8CC0B1F439CCC00658A90 /* NetworkManagerTests.swift in Sources */ = {isa = PBXBuildFile; fileRef = 6AD8CC0A1F439CCC00658A90 /* NetworkManagerTests.swift */; };
		6AD8CC0D1F439EB300658A90 /* Authentication.swift in Sources */ = {isa = PBXBuildFile; fileRef = 6AD8CC0C1F439EB300658A90 /* Authentication.swift */; };
		A3339B0D817253A2838098EF /* Pods_ReviewsFetcherTests.framework in Frameworks */ = {isa = PBXBuildFile; fileRef = F8F4689B4EF41CF55C32DD84 /* Pods_ReviewsFetcherTests.framework */; };
		DE6A4278432242736B76AA06 /* Pods_ReviewsFetcher.framework in Frameworks */ = {isa = PBXBuildFile; fileRef = D2009E5E934CC296B3886601 /* Pods_ReviewsFetcher.framework */; };
/* End PBXBuildFile section */

/* Begin PBXContainerItemProxy section */
		6AC3F1AD1F19CB9900E29BE9 /* PBXContainerItemProxy */ = {
			isa = PBXContainerItemProxy;
			containerPortal = 6A6E501C1EEFDDCD00ED1A1C /* Project object */;
			proxyType = 1;
			remoteGlobalIDString = 6A6E50231EEFDDCD00ED1A1C;
			remoteInfo = ReviewsFetcher;
		};
		6AC3F1BB1F19CBBA00E29BE9 /* PBXContainerItemProxy */ = {
			isa = PBXContainerItemProxy;
			containerPortal = 6A6E501C1EEFDDCD00ED1A1C /* Project object */;
			proxyType = 1;
			remoteGlobalIDString = 6A6E50231EEFDDCD00ED1A1C;
			remoteInfo = ReviewsFetcher;
		};
/* End PBXContainerItemProxy section */

/* Begin PBXFileReference section */
		1041B587C9235DBD9B85E2B8 /* Pods_ReviewsFetcherUITests.framework */ = {isa = PBXFileReference; explicitFileType = wrapper.framework; includeInIndex = 0; path = Pods_ReviewsFetcherUITests.framework; sourceTree = BUILT_PRODUCTS_DIR; };
		1B14C39F8F08CA86BDFBB1AF /* Pods-ReviewsFetcher.debug.xcconfig */ = {isa = PBXFileReference; includeInIndex = 1; lastKnownFileType = text.xcconfig; name = "Pods-ReviewsFetcher.debug.xcconfig"; path = "Pods/Target Support Files/Pods-ReviewsFetcher/Pods-ReviewsFetcher.debug.xcconfig"; sourceTree = "<group>"; };
		2A54A847BB013367678CC865 /* Pods-ReviewsFetcher.release.xcconfig */ = {isa = PBXFileReference; includeInIndex = 1; lastKnownFileType = text.xcconfig; name = "Pods-ReviewsFetcher.release.xcconfig"; path = "Pods/Target Support Files/Pods-ReviewsFetcher/Pods-ReviewsFetcher.release.xcconfig"; sourceTree = "<group>"; };
		2F96A9DEA243A0A29DB75FD6 /* Pods-ReviewsFetcherTests.release.xcconfig */ = {isa = PBXFileReference; includeInIndex = 1; lastKnownFileType = text.xcconfig; name = "Pods-ReviewsFetcherTests.release.xcconfig"; path = "Pods/Target Support Files/Pods-ReviewsFetcherTests/Pods-ReviewsFetcherTests.release.xcconfig"; sourceTree = "<group>"; };
		6A1994531F4CCE5400634C64 /* StubAppDetails.json */ = {isa = PBXFileReference; fileEncoding = 4; lastKnownFileType = text.json; path = StubAppDetails.json; sourceTree = "<group>"; };
		6A1994591F4CD40000634C64 /* AppDetailsViewModel.swift */ = {isa = PBXFileReference; fileEncoding = 4; lastKnownFileType = sourcecode.swift; path = AppDetailsViewModel.swift; sourceTree = "<group>"; };
		6A1B07F71F1A292400CFEE89 /* HomeViewModel.swift */ = {isa = PBXFileReference; fileEncoding = 4; lastKnownFileType = sourcecode.swift; path = HomeViewModel.swift; sourceTree = "<group>"; };
		6A1B07F91F1A293900CFEE89 /* HomeViewModelTests.swift */ = {isa = PBXFileReference; fileEncoding = 4; lastKnownFileType = sourcecode.swift; path = HomeViewModelTests.swift; sourceTree = "<group>"; };
		6A1B08051F1C673700CFEE89 /* AppTests.swift */ = {isa = PBXFileReference; fileEncoding = 4; lastKnownFileType = sourcecode.swift; path = AppTests.swift; sourceTree = "<group>"; };
		6A2AC1411F2A8E0300FE0C71 /* NetworkManager.swift */ = {isa = PBXFileReference; fileEncoding = 4; lastKnownFileType = sourcecode.swift; path = NetworkManager.swift; sourceTree = "<group>"; };
		6A2AC1431F2A907000FE0C71 /* ParseManager.swift */ = {isa = PBXFileReference; fileEncoding = 4; lastKnownFileType = sourcecode.swift; path = ParseManager.swift; sourceTree = "<group>"; };
		6A3DDF861F3598C8002EA965 /* String+Extensions.swift */ = {isa = PBXFileReference; fileEncoding = 4; lastKnownFileType = sourcecode.swift; path = "String+Extensions.swift"; sourceTree = "<group>"; };
		6A6E50241EEFDDCD00ED1A1C /* ReviewsFetcher.app */ = {isa = PBXFileReference; explicitFileType = wrapper.application; includeInIndex = 0; path = ReviewsFetcher.app; sourceTree = BUILT_PRODUCTS_DIR; };
		6A6E503B1EF0987100ED1A1C /* Home.storyboard */ = {isa = PBXFileReference; fileEncoding = 4; lastKnownFileType = file.storyboard; path = Home.storyboard; sourceTree = "<group>"; };
		6A6E503C1EF0987100ED1A1C /* HomeViewController.swift */ = {isa = PBXFileReference; fileEncoding = 4; lastKnownFileType = sourcecode.swift; path = HomeViewController.swift; sourceTree = "<group>"; };
		6A6E50401EF0987100ED1A1C /* Assets.xcassets */ = {isa = PBXFileReference; lastKnownFileType = folder.assetcatalog; path = Assets.xcassets; sourceTree = "<group>"; };
		6A6E50421EF0987100ED1A1C /* AppDelegate.swift */ = {isa = PBXFileReference; fileEncoding = 4; lastKnownFileType = sourcecode.swift; path = AppDelegate.swift; sourceTree = "<group>"; };
		6A6E50441EF0987100ED1A1C /* Info.plist */ = {isa = PBXFileReference; fileEncoding = 4; lastKnownFileType = text.plist.xml; path = Info.plist; sourceTree = "<group>"; };
		6A6E50451EF0987100ED1A1C /* LaunchScreen.storyboard */ = {isa = PBXFileReference; fileEncoding = 4; lastKnownFileType = file.storyboard; path = LaunchScreen.storyboard; sourceTree = "<group>"; };
		6A7A061D1F3D00DC006ED051 /* AuthenticationSecrets.swift */ = {isa = PBXFileReference; fileEncoding = 4; lastKnownFileType = sourcecode.swift; path = AuthenticationSecrets.swift; sourceTree = "<group>"; };
		6AA6E33D1F4B7B9D00F60B40 /* AppDetails.storyboard */ = {isa = PBXFileReference; fileEncoding = 4; lastKnownFileType = file.storyboard; path = AppDetails.storyboard; sourceTree = "<group>"; };
		6AA6E33F1F4B7D3F00F60B40 /* AppDetailsViewController.swift */ = {isa = PBXFileReference; fileEncoding = 4; lastKnownFileType = sourcecode.swift; path = AppDetailsViewController.swift; sourceTree = "<group>"; };
		6AB196601F4E1A5F009CA615 /* BaseViewModelDelegate.swift */ = {isa = PBXFileReference; fileEncoding = 4; lastKnownFileType = sourcecode.swift; path = BaseViewModelDelegate.swift; sourceTree = "<group>"; };
		6AB196611F4E1A5F009CA615 /* BaseViewModelType.swift */ = {isa = PBXFileReference; fileEncoding = 4; lastKnownFileType = sourcecode.swift; path = BaseViewModelType.swift; sourceTree = "<group>"; };
		6AB196641F4E1E19009CA615 /* AppDetailsViewModelTests.swift */ = {isa = PBXFileReference; fileEncoding = 4; lastKnownFileType = sourcecode.swift; path = AppDetailsViewModelTests.swift; sourceTree = "<group>"; };
		6AB5023D1EF5EDBB0045C674 /* HomeTableViewCell.swift */ = {isa = PBXFileReference; fileEncoding = 4; lastKnownFileType = sourcecode.swift; path = HomeTableViewCell.swift; sourceTree = "<group>"; };
		6AB5023F1EF664550045C674 /* App.swift */ = {isa = PBXFileReference; fileEncoding = 4; lastKnownFileType = sourcecode.swift; path = App.swift; sourceTree = "<group>"; };
		6AC3F1A81F19CB9900E29BE9 /* ReviewsFetcherTests.xctest */ = {isa = PBXFileReference; explicitFileType = wrapper.cfbundle; includeInIndex = 0; path = ReviewsFetcherTests.xctest; sourceTree = BUILT_PRODUCTS_DIR; };
		6AC3F1AC1F19CB9900E29BE9 /* Info.plist */ = {isa = PBXFileReference; lastKnownFileType = text.plist.xml; path = Info.plist; sourceTree = "<group>"; };
		6AC3F1B61F19CBBA00E29BE9 /* ReviewsFetcherUITests.xctest */ = {isa = PBXFileReference; explicitFileType = wrapper.cfbundle; includeInIndex = 0; path = ReviewsFetcherUITests.xctest; sourceTree = BUILT_PRODUCTS_DIR; };
		6AC3F1B81F19CBBA00E29BE9 /* ReviewsFetcherUITests.swift */ = {isa = PBXFileReference; lastKnownFileType = sourcecode.swift; path = ReviewsFetcherUITests.swift; sourceTree = "<group>"; };
		6AC3F1BA1F19CBBA00E29BE9 /* Info.plist */ = {isa = PBXFileReference; lastKnownFileType = text.plist.xml; path = Info.plist; sourceTree = "<group>"; };
		6AD8CBFE1F424B2800658A90 /* ParseManagerTests.swift */ = {isa = PBXFileReference; fileEncoding = 4; lastKnownFileType = sourcecode.swift; path = ParseManagerTests.swift; sourceTree = "<group>"; };
		6AD8CC041F4255CC00658A90 /* StubAppOverview.json */ = {isa = PBXFileReference; fileEncoding = 4; lastKnownFileType = text.json; path = StubAppOverview.json; sourceTree = "<group>"; };
		6AD8CC061F4391AF00658A90 /* StubAppFiguresMessage.json */ = {isa = PBXFileReference; fileEncoding = 4; lastKnownFileType = text.json; path = StubAppFiguresMessage.json; sourceTree = "<group>"; };
		6AD8CC081F439B4900658A90 /* StubNoMessageNoAppId.json */ = {isa = PBXFileReference; fileEncoding = 4; lastKnownFileType = text.json; path = StubNoMessageNoAppId.json; sourceTree = "<group>"; };
		6AD8CC0A1F439CCC00658A90 /* NetworkManagerTests.swift */ = {isa = PBXFileReference; fileEncoding = 4; lastKnownFileType = sourcecode.swift; path = NetworkManagerTests.swift; sourceTree = "<group>"; };
		6AD8CC0C1F439EB300658A90 /* Authentication.swift */ = {isa = PBXFileReference; fileEncoding = 4; lastKnownFileType = sourcecode.swift; path = Authentication.swift; sourceTree = "<group>"; };
		9AC8D996A34FD3BF65661EAB /* Pods-ReviewsFetcherUITests.release.xcconfig */ = {isa = PBXFileReference; includeInIndex = 1; lastKnownFileType = text.xcconfig; name = "Pods-ReviewsFetcherUITests.release.xcconfig"; path = "Pods/Target Support Files/Pods-ReviewsFetcherUITests/Pods-ReviewsFetcherUITests.release.xcconfig"; sourceTree = "<group>"; };
		CC1A0EBDE2A27AA5DE181058 /* Pods-ReviewsFetcherUITests.debug.xcconfig */ = {isa = PBXFileReference; includeInIndex = 1; lastKnownFileType = text.xcconfig; name = "Pods-ReviewsFetcherUITests.debug.xcconfig"; path = "Pods/Target Support Files/Pods-ReviewsFetcherUITests/Pods-ReviewsFetcherUITests.debug.xcconfig"; sourceTree = "<group>"; };
		D2009E5E934CC296B3886601 /* Pods_ReviewsFetcher.framework */ = {isa = PBXFileReference; explicitFileType = wrapper.framework; includeInIndex = 0; path = Pods_ReviewsFetcher.framework; sourceTree = BUILT_PRODUCTS_DIR; };
		D78C2B35D6B908F684A5480E /* Pods-ReviewsFetcherTests.debug.xcconfig */ = {isa = PBXFileReference; includeInIndex = 1; lastKnownFileType = text.xcconfig; name = "Pods-ReviewsFetcherTests.debug.xcconfig"; path = "Pods/Target Support Files/Pods-ReviewsFetcherTests/Pods-ReviewsFetcherTests.debug.xcconfig"; sourceTree = "<group>"; };
		F8F4689B4EF41CF55C32DD84 /* Pods_ReviewsFetcherTests.framework */ = {isa = PBXFileReference; explicitFileType = wrapper.framework; includeInIndex = 0; path = Pods_ReviewsFetcherTests.framework; sourceTree = BUILT_PRODUCTS_DIR; };
/* End PBXFileReference section */

/* Begin PBXFrameworksBuildPhase section */
		6A6E50211EEFDDCD00ED1A1C /* Frameworks */ = {
			isa = PBXFrameworksBuildPhase;
			buildActionMask = 2147483647;
			files = (
				DE6A4278432242736B76AA06 /* Pods_ReviewsFetcher.framework in Frameworks */,
			);
			runOnlyForDeploymentPostprocessing = 0;
		};
		6AC3F1A51F19CB9900E29BE9 /* Frameworks */ = {
			isa = PBXFrameworksBuildPhase;
			buildActionMask = 2147483647;
			files = (
				A3339B0D817253A2838098EF /* Pods_ReviewsFetcherTests.framework in Frameworks */,
			);
			runOnlyForDeploymentPostprocessing = 0;
		};
		6AC3F1B31F19CBBA00E29BE9 /* Frameworks */ = {
			isa = PBXFrameworksBuildPhase;
			buildActionMask = 2147483647;
			files = (
				303F359338CC078C9E1D4AC3 /* Pods_ReviewsFetcherUITests.framework in Frameworks */,
			);
			runOnlyForDeploymentPostprocessing = 0;
		};
/* End PBXFrameworksBuildPhase section */

/* Begin PBXGroup section */
		4600EC7BBA6ABF490129EFA4 /* Pods */ = {
			isa = PBXGroup;
			children = (
				1B14C39F8F08CA86BDFBB1AF /* Pods-ReviewsFetcher.debug.xcconfig */,
				2A54A847BB013367678CC865 /* Pods-ReviewsFetcher.release.xcconfig */,
				D78C2B35D6B908F684A5480E /* Pods-ReviewsFetcherTests.debug.xcconfig */,
				2F96A9DEA243A0A29DB75FD6 /* Pods-ReviewsFetcherTests.release.xcconfig */,
				CC1A0EBDE2A27AA5DE181058 /* Pods-ReviewsFetcherUITests.debug.xcconfig */,
				9AC8D996A34FD3BF65661EAB /* Pods-ReviewsFetcherUITests.release.xcconfig */,
			);
			name = Pods;
			sourceTree = "<group>";
		};
		6A2AC1401F2A8E0300FE0C71 /* Managers */ = {
			isa = PBXGroup;
			children = (
				6A2AC1411F2A8E0300FE0C71 /* NetworkManager.swift */,
				6A2AC1431F2A907000FE0C71 /* ParseManager.swift */,
			);
			path = Managers;
			sourceTree = "<group>";
		};
		6A3DDF851F3598B2002EA965 /* Extensions */ = {
			isa = PBXGroup;
			children = (
				6A3DDF861F3598C8002EA965 /* String+Extensions.swift */,
			);
			path = Extensions;
			sourceTree = "<group>";
		};
		6A6E501B1EEFDDCD00ED1A1C = {
			isa = PBXGroup;
			children = (
				6A6E50391EF0987100ED1A1C /* Source */,
				6AC3F1A91F19CB9900E29BE9 /* ReviewsFetcherTests */,
				6AC3F1B71F19CBBA00E29BE9 /* ReviewsFetcherUITests */,
				6A6E50251EEFDDCD00ED1A1C /* Products */,
				4600EC7BBA6ABF490129EFA4 /* Pods */,
				E775F9B74DDE8C62B84411C5 /* Frameworks */,
			);
			sourceTree = "<group>";
		};
		6A6E50251EEFDDCD00ED1A1C /* Products */ = {
			isa = PBXGroup;
			children = (
				6A6E50241EEFDDCD00ED1A1C /* ReviewsFetcher.app */,
				6AC3F1A81F19CB9900E29BE9 /* ReviewsFetcherTests.xctest */,
				6AC3F1B61F19CBBA00E29BE9 /* ReviewsFetcherUITests.xctest */,
			);
			name = Products;
			sourceTree = "<group>";
		};
		6A6E50391EF0987100ED1A1C /* Source */ = {
			isa = PBXGroup;
			children = (
				6AB1965F1F4E1A5F009CA615 /* BaseProtocols */,
				6A6E503A1EF0987100ED1A1C /* Home */,
				6AA6E33C1F4B7B8200F60B40 /* AppDetails */,
				6A6E503D1EF0987100ED1A1C /* Models */,
				6A2AC1401F2A8E0300FE0C71 /* Managers */,
				6A6E503F1EF0987100ED1A1C /* Resources */,
				6A6E50411EF0987100ED1A1C /* Startup */,
				6A3DDF851F3598B2002EA965 /* Extensions */,
				6A6E50431EF0987100ED1A1C /* Supporting Files */,
			);
			path = Source;
			sourceTree = "<group>";
		};
		6A6E503A1EF0987100ED1A1C /* Home */ = {
			isa = PBXGroup;
			children = (
				6A6E503B1EF0987100ED1A1C /* Home.storyboard */,
				6A6E503C1EF0987100ED1A1C /* HomeViewController.swift */,
				6A1B07F71F1A292400CFEE89 /* HomeViewModel.swift */,
				6AB5023D1EF5EDBB0045C674 /* HomeTableViewCell.swift */,
			);
			path = Home;
			sourceTree = "<group>";
		};
		6A6E503D1EF0987100ED1A1C /* Models */ = {
			isa = PBXGroup;
			children = (
				6AB5023F1EF664550045C674 /* App.swift */,
				6AD8CC0C1F439EB300658A90 /* Authentication.swift */,
			);
			path = Models;
			sourceTree = "<group>";
		};
		6A6E503F1EF0987100ED1A1C /* Resources */ = {
			isa = PBXGroup;
			children = (
				6A6E50401EF0987100ED1A1C /* Assets.xcassets */,
			);
			path = Resources;
			sourceTree = "<group>";
		};
		6A6E50411EF0987100ED1A1C /* Startup */ = {
			isa = PBXGroup;
			children = (
				6A6E50421EF0987100ED1A1C /* AppDelegate.swift */,
			);
			path = Startup;
			sourceTree = "<group>";
		};
		6A6E50431EF0987100ED1A1C /* Supporting Files */ = {
			isa = PBXGroup;
			children = (
				6AD8CC031F4255CC00658A90 /* JsonStubs */,
				6A6E50441EF0987100ED1A1C /* Info.plist */,
				6A6E50451EF0987100ED1A1C /* LaunchScreen.storyboard */,
				6A7A061D1F3D00DC006ED051 /* AuthenticationSecrets.swift */,
			);
			path = "Supporting Files";
			sourceTree = "<group>";
		};
		6AA6E33C1F4B7B8200F60B40 /* AppDetails */ = {
			isa = PBXGroup;
			children = (
				6AA6E33D1F4B7B9D00F60B40 /* AppDetails.storyboard */,
				6AA6E33F1F4B7D3F00F60B40 /* AppDetailsViewController.swift */,
				6A1994591F4CD40000634C64 /* AppDetailsViewModel.swift */,
			);
			path = AppDetails;
			sourceTree = "<group>";
		};
		6AB1965F1F4E1A5F009CA615 /* BaseProtocols */ = {
			isa = PBXGroup;
			children = (
				6AB196601F4E1A5F009CA615 /* BaseViewModelDelegate.swift */,
				6AB196611F4E1A5F009CA615 /* BaseViewModelType.swift */,
			);
			path = BaseProtocols;
			sourceTree = "<group>";
		};
		6AC3F1A91F19CB9900E29BE9 /* ReviewsFetcherTests */ = {
			isa = PBXGroup;
			children = (
				6AC3F1AC1F19CB9900E29BE9 /* Info.plist */,
				6A1B07F91F1A293900CFEE89 /* HomeViewModelTests.swift */,
				6A1B08051F1C673700CFEE89 /* AppTests.swift */,
				6AD8CBFE1F424B2800658A90 /* ParseManagerTests.swift */,
				6AD8CC0A1F439CCC00658A90 /* NetworkManagerTests.swift */,
				6AB196641F4E1E19009CA615 /* AppDetailsViewModelTests.swift */,
			);
			path = ReviewsFetcherTests;
			sourceTree = "<group>";
		};
		6AC3F1B71F19CBBA00E29BE9 /* ReviewsFetcherUITests */ = {
			isa = PBXGroup;
			children = (
				6AC3F1B81F19CBBA00E29BE9 /* ReviewsFetcherUITests.swift */,
				6AC3F1BA1F19CBBA00E29BE9 /* Info.plist */,
			);
			path = ReviewsFetcherUITests;
			sourceTree = "<group>";
		};
		6AD8CC031F4255CC00658A90 /* JsonStubs */ = {
			isa = PBXGroup;
			children = (
				6AD8CC041F4255CC00658A90 /* StubAppOverview.json */,
				6AD8CC061F4391AF00658A90 /* StubAppFiguresMessage.json */,
				6AD8CC081F439B4900658A90 /* StubNoMessageNoAppId.json */,
				6A1994531F4CCE5400634C64 /* StubAppDetails.json */,
			);
			path = JsonStubs;
			sourceTree = "<group>";
		};
		E775F9B74DDE8C62B84411C5 /* Frameworks */ = {
			isa = PBXGroup;
			children = (
				D2009E5E934CC296B3886601 /* Pods_ReviewsFetcher.framework */,
				F8F4689B4EF41CF55C32DD84 /* Pods_ReviewsFetcherTests.framework */,
				1041B587C9235DBD9B85E2B8 /* Pods_ReviewsFetcherUITests.framework */,
			);
			name = Frameworks;
			sourceTree = "<group>";
		};
/* End PBXGroup section */

/* Begin PBXNativeTarget section */
		6A6E50231EEFDDCD00ED1A1C /* ReviewsFetcher */ = {
			isa = PBXNativeTarget;
			buildConfigurationList = 6A6E50361EEFDDCE00ED1A1C /* Build configuration list for PBXNativeTarget "ReviewsFetcher" */;
			buildPhases = (
				50EB9B6352E98AD4978AE5AA /* [CP] Check Pods Manifest.lock */,
				6A6E50201EEFDDCD00ED1A1C /* Sources */,
				6A6E50211EEFDDCD00ED1A1C /* Frameworks */,
				6A6E50221EEFDDCD00ED1A1C /* Resources */,
				FB91EB8E1376288330D86349 /* [CP] Embed Pods Frameworks */,
				1D75499A234DAFF09DD01513 /* [CP] Copy Pods Resources */,
			);
			buildRules = (
			);
			dependencies = (
			);
			name = ReviewsFetcher;
			productName = ReviewsFetcher;
			productReference = 6A6E50241EEFDDCD00ED1A1C /* ReviewsFetcher.app */;
			productType = "com.apple.product-type.application";
		};
		6AC3F1A71F19CB9900E29BE9 /* ReviewsFetcherTests */ = {
			isa = PBXNativeTarget;
			buildConfigurationList = 6AC3F1B11F19CB9900E29BE9 /* Build configuration list for PBXNativeTarget "ReviewsFetcherTests" */;
			buildPhases = (
				E55881F33D0DFA812CF66A8F /* [CP] Check Pods Manifest.lock */,
				6AC3F1A41F19CB9900E29BE9 /* Sources */,
				6AC3F1A51F19CB9900E29BE9 /* Frameworks */,
				6AC3F1A61F19CB9900E29BE9 /* Resources */,
				7CB0133DC643D6E7C42C9210 /* [CP] Embed Pods Frameworks */,
				1BAB430377FED96312CC5879 /* [CP] Copy Pods Resources */,
			);
			buildRules = (
			);
			dependencies = (
				6AC3F1AE1F19CB9900E29BE9 /* PBXTargetDependency */,
			);
			name = ReviewsFetcherTests;
			productName = ReviewsFetcherTests;
			productReference = 6AC3F1A81F19CB9900E29BE9 /* ReviewsFetcherTests.xctest */;
			productType = "com.apple.product-type.bundle.unit-test";
		};
		6AC3F1B51F19CBBA00E29BE9 /* ReviewsFetcherUITests */ = {
			isa = PBXNativeTarget;
			buildConfigurationList = 6AC3F1BD1F19CBBA00E29BE9 /* Build configuration list for PBXNativeTarget "ReviewsFetcherUITests" */;
			buildPhases = (
				24B83AB1E7A22FF892C652B0 /* [CP] Check Pods Manifest.lock */,
				6AC3F1B21F19CBBA00E29BE9 /* Sources */,
				6AC3F1B31F19CBBA00E29BE9 /* Frameworks */,
				6AC3F1B41F19CBBA00E29BE9 /* Resources */,
				CE7E2855FA863D588341C14B /* [CP] Embed Pods Frameworks */,
				1F41EA028DF98A2086726101 /* [CP] Copy Pods Resources */,
			);
			buildRules = (
			);
			dependencies = (
				6AC3F1BC1F19CBBA00E29BE9 /* PBXTargetDependency */,
			);
			name = ReviewsFetcherUITests;
			productName = ReviewsFetcherUITests;
			productReference = 6AC3F1B61F19CBBA00E29BE9 /* ReviewsFetcherUITests.xctest */;
			productType = "com.apple.product-type.bundle.ui-testing";
		};
/* End PBXNativeTarget section */

/* Begin PBXProject section */
		6A6E501C1EEFDDCD00ED1A1C /* Project object */ = {
			isa = PBXProject;
			attributes = {
				LastSwiftUpdateCheck = 0830;
				LastUpgradeCheck = 0830;
				ORGANIZATIONNAME = "Ai-Lyn Tang";
				TargetAttributes = {
					6A6E50231EEFDDCD00ED1A1C = {
						CreatedOnToolsVersion = 8.3.1;
						ProvisioningStyle = Automatic;
					};
					6AC3F1A71F19CB9900E29BE9 = {
						CreatedOnToolsVersion = 8.3.1;
						ProvisioningStyle = Automatic;
						TestTargetID = 6A6E50231EEFDDCD00ED1A1C;
					};
					6AC3F1B51F19CBBA00E29BE9 = {
						CreatedOnToolsVersion = 8.3.1;
						ProvisioningStyle = Automatic;
						TestTargetID = 6A6E50231EEFDDCD00ED1A1C;
					};
				};
			};
			buildConfigurationList = 6A6E501F1EEFDDCD00ED1A1C /* Build configuration list for PBXProject "ReviewsFetcher" */;
			compatibilityVersion = "Xcode 3.2";
			developmentRegion = English;
			hasScannedForEncodings = 0;
			knownRegions = (
				en,
				Base,
			);
			mainGroup = 6A6E501B1EEFDDCD00ED1A1C;
			productRefGroup = 6A6E50251EEFDDCD00ED1A1C /* Products */;
			projectDirPath = "";
			projectRoot = "";
			targets = (
				6A6E50231EEFDDCD00ED1A1C /* ReviewsFetcher */,
				6AC3F1A71F19CB9900E29BE9 /* ReviewsFetcherTests */,
				6AC3F1B51F19CBBA00E29BE9 /* ReviewsFetcherUITests */,
			);
		};
/* End PBXProject section */

/* Begin PBXResourcesBuildPhase section */
		6A6E50221EEFDDCD00ED1A1C /* Resources */ = {
			isa = PBXResourcesBuildPhase;
			buildActionMask = 2147483647;
			files = (
				6A1994541F4CCE5400634C64 /* StubAppDetails.json in Resources */,
				6AD8CC091F439B4900658A90 /* StubNoMessageNoAppId.json in Resources */,
				6AA6E33E1F4B7B9D00F60B40 /* AppDetails.storyboard in Resources */,
				6A6E504B1EF0987100ED1A1C /* LaunchScreen.storyboard in Resources */,
				6A6E50461EF0987100ED1A1C /* Home.storyboard in Resources */,
				6A6E50481EF0987100ED1A1C /* Assets.xcassets in Resources */,
				6AD8CC051F4255CC00658A90 /* StubAppOverview.json in Resources */,
				6AD8CC071F4391AF00658A90 /* StubAppFiguresMessage.json in Resources */,
			);
			runOnlyForDeploymentPostprocessing = 0;
		};
		6AC3F1A61F19CB9900E29BE9 /* Resources */ = {
			isa = PBXResourcesBuildPhase;
			buildActionMask = 2147483647;
			files = (
			);
			runOnlyForDeploymentPostprocessing = 0;
		};
		6AC3F1B41F19CBBA00E29BE9 /* Resources */ = {
			isa = PBXResourcesBuildPhase;
			buildActionMask = 2147483647;
			files = (
			);
			runOnlyForDeploymentPostprocessing = 0;
		};
/* End PBXResourcesBuildPhase section */

/* Begin PBXShellScriptBuildPhase section */
		1BAB430377FED96312CC5879 /* [CP] Copy Pods Resources */ = {
			isa = PBXShellScriptBuildPhase;
			buildActionMask = 2147483647;
			files = (
			);
			inputPaths = (
			);
			name = "[CP] Copy Pods Resources";
			outputPaths = (
			);
			runOnlyForDeploymentPostprocessing = 0;
			shellPath = /bin/sh;
			shellScript = "\"${SRCROOT}/Pods/Target Support Files/Pods-ReviewsFetcherTests/Pods-ReviewsFetcherTests-resources.sh\"\n";
			showEnvVarsInLog = 0;
		};
		1D75499A234DAFF09DD01513 /* [CP] Copy Pods Resources */ = {
			isa = PBXShellScriptBuildPhase;
			buildActionMask = 2147483647;
			files = (
			);
			inputPaths = (
			);
			name = "[CP] Copy Pods Resources";
			outputPaths = (
			);
			runOnlyForDeploymentPostprocessing = 0;
			shellPath = /bin/sh;
			shellScript = "\"${SRCROOT}/Pods/Target Support Files/Pods-ReviewsFetcher/Pods-ReviewsFetcher-resources.sh\"\n";
			showEnvVarsInLog = 0;
		};
		1F41EA028DF98A2086726101 /* [CP] Copy Pods Resources */ = {
			isa = PBXShellScriptBuildPhase;
			buildActionMask = 2147483647;
			files = (
			);
			inputPaths = (
			);
			name = "[CP] Copy Pods Resources";
			outputPaths = (
			);
			runOnlyForDeploymentPostprocessing = 0;
			shellPath = /bin/sh;
			shellScript = "\"${SRCROOT}/Pods/Target Support Files/Pods-ReviewsFetcherUITests/Pods-ReviewsFetcherUITests-resources.sh\"\n";
			showEnvVarsInLog = 0;
		};
		24B83AB1E7A22FF892C652B0 /* [CP] Check Pods Manifest.lock */ = {
			isa = PBXShellScriptBuildPhase;
			buildActionMask = 2147483647;
			files = (
			);
			inputPaths = (
			);
			name = "[CP] Check Pods Manifest.lock";
			outputPaths = (
			);
			runOnlyForDeploymentPostprocessing = 0;
			shellPath = /bin/sh;
			shellScript = "diff \"${PODS_ROOT}/../Podfile.lock\" \"${PODS_ROOT}/Manifest.lock\" > /dev/null\nif [ $? != 0 ] ; then\n    # print error to STDERR\n    echo \"error: The sandbox is not in sync with the Podfile.lock. Run 'pod install' or update your CocoaPods installation.\" >&2\n    exit 1\nfi\n";
			showEnvVarsInLog = 0;
		};
		50EB9B6352E98AD4978AE5AA /* [CP] Check Pods Manifest.lock */ = {
			isa = PBXShellScriptBuildPhase;
			buildActionMask = 2147483647;
			files = (
			);
			inputPaths = (
			);
			name = "[CP] Check Pods Manifest.lock";
			outputPaths = (
			);
			runOnlyForDeploymentPostprocessing = 0;
			shellPath = /bin/sh;
			shellScript = "diff \"${PODS_ROOT}/../Podfile.lock\" \"${PODS_ROOT}/Manifest.lock\" > /dev/null\nif [ $? != 0 ] ; then\n    # print error to STDERR\n    echo \"error: The sandbox is not in sync with the Podfile.lock. Run 'pod install' or update your CocoaPods installation.\" >&2\n    exit 1\nfi\n";
			showEnvVarsInLog = 0;
		};
		7CB0133DC643D6E7C42C9210 /* [CP] Embed Pods Frameworks */ = {
			isa = PBXShellScriptBuildPhase;
			buildActionMask = 2147483647;
			files = (
			);
			inputPaths = (
			);
			name = "[CP] Embed Pods Frameworks";
			outputPaths = (
			);
			runOnlyForDeploymentPostprocessing = 0;
			shellPath = /bin/sh;
			shellScript = "\"${SRCROOT}/Pods/Target Support Files/Pods-ReviewsFetcherTests/Pods-ReviewsFetcherTests-frameworks.sh\"\n";
			showEnvVarsInLog = 0;
		};
		CE7E2855FA863D588341C14B /* [CP] Embed Pods Frameworks */ = {
			isa = PBXShellScriptBuildPhase;
			buildActionMask = 2147483647;
			files = (
			);
			inputPaths = (
			);
			name = "[CP] Embed Pods Frameworks";
			outputPaths = (
			);
			runOnlyForDeploymentPostprocessing = 0;
			shellPath = /bin/sh;
			shellScript = "\"${SRCROOT}/Pods/Target Support Files/Pods-ReviewsFetcherUITests/Pods-ReviewsFetcherUITests-frameworks.sh\"\n";
			showEnvVarsInLog = 0;
		};
		E55881F33D0DFA812CF66A8F /* [CP] Check Pods Manifest.lock */ = {
			isa = PBXShellScriptBuildPhase;
			buildActionMask = 2147483647;
			files = (
			);
			inputPaths = (
			);
			name = "[CP] Check Pods Manifest.lock";
			outputPaths = (
			);
			runOnlyForDeploymentPostprocessing = 0;
			shellPath = /bin/sh;
			shellScript = "diff \"${PODS_ROOT}/../Podfile.lock\" \"${PODS_ROOT}/Manifest.lock\" > /dev/null\nif [ $? != 0 ] ; then\n    # print error to STDERR\n    echo \"error: The sandbox is not in sync with the Podfile.lock. Run 'pod install' or update your CocoaPods installation.\" >&2\n    exit 1\nfi\n";
			showEnvVarsInLog = 0;
		};
		FB91EB8E1376288330D86349 /* [CP] Embed Pods Frameworks */ = {
			isa = PBXShellScriptBuildPhase;
			buildActionMask = 2147483647;
			files = (
			);
			inputPaths = (
			);
			name = "[CP] Embed Pods Frameworks";
			outputPaths = (
			);
			runOnlyForDeploymentPostprocessing = 0;
			shellPath = /bin/sh;
			shellScript = "\"${SRCROOT}/Pods/Target Support Files/Pods-ReviewsFetcher/Pods-ReviewsFetcher-frameworks.sh\"\n";
			showEnvVarsInLog = 0;
		};
/* End PBXShellScriptBuildPhase section */

/* Begin PBXSourcesBuildPhase section */
		6A6E50201EEFDDCD00ED1A1C /* Sources */ = {
			isa = PBXSourcesBuildPhase;
			buildActionMask = 2147483647;
			files = (
				6A2AC1441F2A907000FE0C71 /* ParseManager.swift in Sources */,
				6A3DDF871F3598C8002EA965 /* String+Extensions.swift in Sources */,
				6A2AC1421F2A8E0300FE0C71 /* NetworkManager.swift in Sources */,
				6AB196621F4E1A5F009CA615 /* BaseViewModelDelegate.swift in Sources */,
				6A1B07F81F1A292400CFEE89 /* HomeViewModel.swift in Sources */,
				6AB5023E1EF5EDBB0045C674 /* HomeTableViewCell.swift in Sources */,
				6A19945A1F4CD40000634C64 /* AppDetailsViewModel.swift in Sources */,
				6AB196631F4E1A5F009CA615 /* BaseViewModelType.swift in Sources */,
				6A7A061E1F3D00DC006ED051 /* AuthenticationSecrets.swift in Sources */,
				6AB502401EF664550045C674 /* App.swift in Sources */,
				6A6E50491EF0987100ED1A1C /* AppDelegate.swift in Sources */,
				6A6E50471EF0987100ED1A1C /* HomeViewController.swift in Sources */,
				6AA6E3401F4B7D3F00F60B40 /* AppDetailsViewController.swift in Sources */,
				6AD8CC0D1F439EB300658A90 /* Authentication.swift in Sources */,
			);
			runOnlyForDeploymentPostprocessing = 0;
		};
		6AC3F1A41F19CB9900E29BE9 /* Sources */ = {
			isa = PBXSourcesBuildPhase;
			buildActionMask = 2147483647;
			files = (
				6AB196651F4E1E19009CA615 /* AppDetailsViewModelTests.swift in Sources */,
				6AD8CC0B1F439CCC00658A90 /* NetworkManagerTests.swift in Sources */,
				6A1B07FC1F1B1D6E00CFEE89 /* HomeViewModelTests.swift in Sources */,
				6A1B08061F1C673700CFEE89 /* AppTests.swift in Sources */,
				6AD8CBFF1F424B2800658A90 /* ParseManagerTests.swift in Sources */,
			);
			runOnlyForDeploymentPostprocessing = 0;
		};
		6AC3F1B21F19CBBA00E29BE9 /* Sources */ = {
			isa = PBXSourcesBuildPhase;
			buildActionMask = 2147483647;
			files = (
				6AC3F1B91F19CBBA00E29BE9 /* ReviewsFetcherUITests.swift in Sources */,
			);
			runOnlyForDeploymentPostprocessing = 0;
		};
/* End PBXSourcesBuildPhase section */

/* Begin PBXTargetDependency section */
		6AC3F1AE1F19CB9900E29BE9 /* PBXTargetDependency */ = {
			isa = PBXTargetDependency;
			target = 6A6E50231EEFDDCD00ED1A1C /* ReviewsFetcher */;
			targetProxy = 6AC3F1AD1F19CB9900E29BE9 /* PBXContainerItemProxy */;
		};
		6AC3F1BC1F19CBBA00E29BE9 /* PBXTargetDependency */ = {
			isa = PBXTargetDependency;
			target = 6A6E50231EEFDDCD00ED1A1C /* ReviewsFetcher */;
			targetProxy = 6AC3F1BB1F19CBBA00E29BE9 /* PBXContainerItemProxy */;
		};
/* End PBXTargetDependency section */

/* Begin XCBuildConfiguration section */
		6A6E50341EEFDDCE00ED1A1C /* Debug */ = {
			isa = XCBuildConfiguration;
			buildSettings = {
				ALWAYS_SEARCH_USER_PATHS = NO;
				CLANG_ANALYZER_NONNULL = YES;
				CLANG_ANALYZER_NUMBER_OBJECT_CONVERSION = YES_AGGRESSIVE;
				CLANG_CXX_LANGUAGE_STANDARD = "gnu++0x";
				CLANG_CXX_LIBRARY = "libc++";
				CLANG_ENABLE_MODULES = YES;
				CLANG_ENABLE_OBJC_ARC = YES;
				CLANG_WARN_BOOL_CONVERSION = YES;
				CLANG_WARN_CONSTANT_CONVERSION = YES;
				CLANG_WARN_DIRECT_OBJC_ISA_USAGE = YES_ERROR;
				CLANG_WARN_DOCUMENTATION_COMMENTS = YES;
				CLANG_WARN_EMPTY_BODY = YES;
				CLANG_WARN_ENUM_CONVERSION = YES;
				CLANG_WARN_INFINITE_RECURSION = YES;
				CLANG_WARN_INT_CONVERSION = YES;
				CLANG_WARN_OBJC_ROOT_CLASS = YES_ERROR;
				CLANG_WARN_SUSPICIOUS_MOVE = YES;
				CLANG_WARN_UNREACHABLE_CODE = YES;
				CLANG_WARN__DUPLICATE_METHOD_MATCH = YES;
				"CODE_SIGN_IDENTITY[sdk=iphoneos*]" = "iPhone Developer";
				COPY_PHASE_STRIP = NO;
				DEBUG_INFORMATION_FORMAT = dwarf;
				ENABLE_STRICT_OBJC_MSGSEND = YES;
				ENABLE_TESTABILITY = YES;
				GCC_C_LANGUAGE_STANDARD = gnu99;
				GCC_DYNAMIC_NO_PIC = NO;
				GCC_NO_COMMON_BLOCKS = YES;
				GCC_OPTIMIZATION_LEVEL = 0;
				GCC_PREPROCESSOR_DEFINITIONS = (
					"DEBUG=1",
					"$(inherited)",
				);
				GCC_WARN_64_TO_32_BIT_CONVERSION = YES;
				GCC_WARN_ABOUT_RETURN_TYPE = YES_ERROR;
				GCC_WARN_UNDECLARED_SELECTOR = YES;
				GCC_WARN_UNINITIALIZED_AUTOS = YES_AGGRESSIVE;
				GCC_WARN_UNUSED_FUNCTION = YES;
				GCC_WARN_UNUSED_VARIABLE = YES;
				IPHONEOS_DEPLOYMENT_TARGET = 10.3;
				MTL_ENABLE_DEBUG_INFO = YES;
				ONLY_ACTIVE_ARCH = YES;
				SDKROOT = iphoneos;
				SWIFT_ACTIVE_COMPILATION_CONDITIONS = DEBUG;
				SWIFT_OPTIMIZATION_LEVEL = "-Onone";
				TARGETED_DEVICE_FAMILY = "1,2";
			};
			name = Debug;
		};
		6A6E50351EEFDDCE00ED1A1C /* Release */ = {
			isa = XCBuildConfiguration;
			buildSettings = {
				ALWAYS_SEARCH_USER_PATHS = NO;
				CLANG_ANALYZER_NONNULL = YES;
				CLANG_ANALYZER_NUMBER_OBJECT_CONVERSION = YES_AGGRESSIVE;
				CLANG_CXX_LANGUAGE_STANDARD = "gnu++0x";
				CLANG_CXX_LIBRARY = "libc++";
				CLANG_ENABLE_MODULES = YES;
				CLANG_ENABLE_OBJC_ARC = YES;
				CLANG_WARN_BOOL_CONVERSION = YES;
				CLANG_WARN_CONSTANT_CONVERSION = YES;
				CLANG_WARN_DIRECT_OBJC_ISA_USAGE = YES_ERROR;
				CLANG_WARN_DOCUMENTATION_COMMENTS = YES;
				CLANG_WARN_EMPTY_BODY = YES;
				CLANG_WARN_ENUM_CONVERSION = YES;
				CLANG_WARN_INFINITE_RECURSION = YES;
				CLANG_WARN_INT_CONVERSION = YES;
				CLANG_WARN_OBJC_ROOT_CLASS = YES_ERROR;
				CLANG_WARN_SUSPICIOUS_MOVE = YES;
				CLANG_WARN_UNREACHABLE_CODE = YES;
				CLANG_WARN__DUPLICATE_METHOD_MATCH = YES;
				"CODE_SIGN_IDENTITY[sdk=iphoneos*]" = "iPhone Developer";
				COPY_PHASE_STRIP = NO;
				DEBUG_INFORMATION_FORMAT = "dwarf-with-dsym";
				ENABLE_NS_ASSERTIONS = NO;
				ENABLE_STRICT_OBJC_MSGSEND = YES;
				GCC_C_LANGUAGE_STANDARD = gnu99;
				GCC_NO_COMMON_BLOCKS = YES;
				GCC_WARN_64_TO_32_BIT_CONVERSION = YES;
				GCC_WARN_ABOUT_RETURN_TYPE = YES_ERROR;
				GCC_WARN_UNDECLARED_SELECTOR = YES;
				GCC_WARN_UNINITIALIZED_AUTOS = YES_AGGRESSIVE;
				GCC_WARN_UNUSED_FUNCTION = YES;
				GCC_WARN_UNUSED_VARIABLE = YES;
				IPHONEOS_DEPLOYMENT_TARGET = 10.3;
				MTL_ENABLE_DEBUG_INFO = NO;
				SDKROOT = iphoneos;
				SWIFT_OPTIMIZATION_LEVEL = "-Owholemodule";
				TARGETED_DEVICE_FAMILY = "1,2";
				VALIDATE_PRODUCT = YES;
			};
			name = Release;
		};
		6A6E50371EEFDDCE00ED1A1C /* Debug */ = {
			isa = XCBuildConfiguration;
			baseConfigurationReference = 1B14C39F8F08CA86BDFBB1AF /* Pods-ReviewsFetcher.debug.xcconfig */;
			buildSettings = {
				ASSETCATALOG_COMPILER_APPICON_NAME = AppIcon;
				DEFINES_MODULE = YES;
				INFOPLIST_FILE = "$(SRCROOT)/Source/Supporting Files/Info.plist";
				LD_RUNPATH_SEARCH_PATHS = "$(inherited) @executable_path/Frameworks";
				PRODUCT_BUNDLE_IDENTIFIER = com.example.ReviewsFetcher;
				PRODUCT_NAME = "$(TARGET_NAME)";
				SWIFT_VERSION = 3.0;
			};
			name = Debug;
		};
		6A6E50381EEFDDCE00ED1A1C /* Release */ = {
			isa = XCBuildConfiguration;
			baseConfigurationReference = 2A54A847BB013367678CC865 /* Pods-ReviewsFetcher.release.xcconfig */;
			buildSettings = {
				ASSETCATALOG_COMPILER_APPICON_NAME = AppIcon;
				DEFINES_MODULE = YES;
				INFOPLIST_FILE = "$(SRCROOT)/Source/Supporting Files/Info.plist";
				LD_RUNPATH_SEARCH_PATHS = "$(inherited) @executable_path/Frameworks";
				PRODUCT_BUNDLE_IDENTIFIER = com.example.ReviewsFetcher;
				PRODUCT_NAME = "$(TARGET_NAME)";
				SWIFT_VERSION = 3.0;
			};
			name = Release;
		};
		6AC3F1AF1F19CB9900E29BE9 /* Debug */ = {
			isa = XCBuildConfiguration;
			baseConfigurationReference = D78C2B35D6B908F684A5480E /* Pods-ReviewsFetcherTests.debug.xcconfig */;
			buildSettings = {
				BUNDLE_LOADER = "$(TEST_HOST)";
				INFOPLIST_FILE = ReviewsFetcherTests/Info.plist;
				LD_RUNPATH_SEARCH_PATHS = "$(inherited) @executable_path/Frameworks @loader_path/Frameworks";
				PRODUCT_BUNDLE_IDENTIFIER = com.example.ReviewsFetcherTests;
				PRODUCT_NAME = "$(TARGET_NAME)";
				SWIFT_VERSION = 3.0;
				TEST_HOST = "$(BUILT_PRODUCTS_DIR)/ReviewsFetcher.app/ReviewsFetcher";
			};
			name = Debug;
		};
		6AC3F1B01F19CB9900E29BE9 /* Release */ = {
			isa = XCBuildConfiguration;
			baseConfigurationReference = 2F96A9DEA243A0A29DB75FD6 /* Pods-ReviewsFetcherTests.release.xcconfig */;
			buildSettings = {
				BUNDLE_LOADER = "$(TEST_HOST)";
				INFOPLIST_FILE = ReviewsFetcherTests/Info.plist;
				LD_RUNPATH_SEARCH_PATHS = "$(inherited) @executable_path/Frameworks @loader_path/Frameworks";
				PRODUCT_BUNDLE_IDENTIFIER = com.example.ReviewsFetcherTests;
				PRODUCT_NAME = "$(TARGET_NAME)";
				SWIFT_VERSION = 3.0;
				TEST_HOST = "$(BUILT_PRODUCTS_DIR)/ReviewsFetcher.app/ReviewsFetcher";
			};
			name = Release;
		};
		6AC3F1BE1F19CBBA00E29BE9 /* Debug */ = {
			isa = XCBuildConfiguration;
			baseConfigurationReference = CC1A0EBDE2A27AA5DE181058 /* Pods-ReviewsFetcherUITests.debug.xcconfig */;
			buildSettings = {
				INFOPLIST_FILE = ReviewsFetcherUITests/Info.plist;
				LD_RUNPATH_SEARCH_PATHS = "$(inherited) @executable_path/Frameworks @loader_path/Frameworks";
				PRODUCT_BUNDLE_IDENTIFIER = com.example.ReviewsFetcherUITests;
				PRODUCT_NAME = "$(TARGET_NAME)";
				SWIFT_VERSION = 3.0;
				TEST_TARGET_NAME = ReviewsFetcher;
			};
			name = Debug;
		};
		6AC3F1BF1F19CBBA00E29BE9 /* Release */ = {
			isa = XCBuildConfiguration;
			baseConfigurationReference = 9AC8D996A34FD3BF65661EAB /* Pods-ReviewsFetcherUITests.release.xcconfig */;
			buildSettings = {
				INFOPLIST_FILE = ReviewsFetcherUITests/Info.plist;
				LD_RUNPATH_SEARCH_PATHS = "$(inherited) @executable_path/Frameworks @loader_path/Frameworks";
				PRODUCT_BUNDLE_IDENTIFIER = com.example.ReviewsFetcherUITests;
				PRODUCT_NAME = "$(TARGET_NAME)";
				SWIFT_VERSION = 3.0;
				TEST_TARGET_NAME = ReviewsFetcher;
			};
			name = Release;
		};
/* End XCBuildConfiguration section */

/* Begin XCConfigurationList section */
		6A6E501F1EEFDDCD00ED1A1C /* Build configuration list for PBXProject "ReviewsFetcher" */ = {
			isa = XCConfigurationList;
			buildConfigurations = (
				6A6E50341EEFDDCE00ED1A1C /* Debug */,
				6A6E50351EEFDDCE00ED1A1C /* Release */,
			);
			defaultConfigurationIsVisible = 0;
			defaultConfigurationName = Release;
		};
		6A6E50361EEFDDCE00ED1A1C /* Build configuration list for PBXNativeTarget "ReviewsFetcher" */ = {
			isa = XCConfigurationList;
			buildConfigurations = (
				6A6E50371EEFDDCE00ED1A1C /* Debug */,
				6A6E50381EEFDDCE00ED1A1C /* Release */,
			);
			defaultConfigurationIsVisible = 0;
			defaultConfigurationName = Release;
		};
		6AC3F1B11F19CB9900E29BE9 /* Build configuration list for PBXNativeTarget "ReviewsFetcherTests" */ = {
			isa = XCConfigurationList;
			buildConfigurations = (
				6AC3F1AF1F19CB9900E29BE9 /* Debug */,
				6AC3F1B01F19CB9900E29BE9 /* Release */,
			);
			defaultConfigurationIsVisible = 0;
			defaultConfigurationName = Release;
		};
		6AC3F1BD1F19CBBA00E29BE9 /* Build configuration list for PBXNativeTarget "ReviewsFetcherUITests" */ = {
			isa = XCConfigurationList;
			buildConfigurations = (
				6AC3F1BE1F19CBBA00E29BE9 /* Debug */,
				6AC3F1BF1F19CBBA00E29BE9 /* Release */,
			);
			defaultConfigurationIsVisible = 0;
			defaultConfigurationName = Release;
		};
/* End XCConfigurationList section */
	};
	rootObject = 6A6E501C1EEFDDCD00ED1A1C /* Project object */;
}
